Microsoft Visual Studio Solution File, Format Version 12.00
# Visual Studio Version 17
VisualStudioVersion = 17.0.31611.283
MinimumVisualStudioVersion = 10.0.40219.1
Project("{9A19103F-16F7-4668-BE54-9A1E7A4F7556}") = "ReDpett", "ReDpett\ReDpett.csproj", "{967FAC4F-1CE2-45E9-AA88-32966E9C1D6B}"
	ProjectSection(ProjectDependencies) = postProject
		{98160F46-CAD8-4228-AC7C-D7BDDAE5CF33} = {98160F46-CAD8-4228-AC7C-D7BDDAE5CF33}
	EndProjectSection
EndProject
Project("{9A19103F-16F7-4668-BE54-9A1E7A4F7556}") = "ReDpett.Common", "ReDpett.Common\ReDpett.Common.csproj", "{98160F46-CAD8-4228-AC7C-D7BDDAE5CF33}"
EndProject
Project("{9A19103F-16F7-4668-BE54-9A1E7A4F7556}") = "RedPett.Components", "RedPett.Components\RedPett.Components.csproj", "{BB9F2057-0ABC-423D-83F6-9922EF2ED3B5}"
EndProject
Project("{9A19103F-16F7-4668-BE54-9A1E7A4F7556}") = "RedPett.Web", "RedPett.Web\RedPett.Web.csproj", "{C77DB95D-D1C8-4F8E-871E-FEBA44B5C5E9}"
EndProject
Project("{9A19103F-16F7-4668-BE54-9A1E7A4F7556}") = "ReDpett_API", "ReDpett_API\ReDpett_API.csproj", "{10D5D695-163D-4924-8F35-B33612501BDD}"
EndProject
Global
	GlobalSection(SolutionConfigurationPlatforms) = preSolution
		Debug|Any CPU = Debug|Any CPU
		Release|Any CPU = Release|Any CPU
	EndGlobalSection
	GlobalSection(ProjectConfigurationPlatforms) = postSolution
		{967FAC4F-1CE2-45E9-AA88-32966E9C1D6B}.Debug|Any CPU.ActiveCfg = Debug|Any CPU
		{967FAC4F-1CE2-45E9-AA88-32966E9C1D6B}.Debug|Any CPU.Build.0 = Debug|Any CPU
		{967FAC4F-1CE2-45E9-AA88-32966E9C1D6B}.Debug|Any CPU.Deploy.0 = Debug|Any CPU
		{967FAC4F-1CE2-45E9-AA88-32966E9C1D6B}.Release|Any CPU.ActiveCfg = Release|Any CPU
		{967FAC4F-1CE2-45E9-AA88-32966E9C1D6B}.Release|Any CPU.Build.0 = Release|Any CPU
		{967FAC4F-1CE2-45E9-AA88-32966E9C1D6B}.Release|Any CPU.Deploy.0 = Release|Any CPU
		{98160F46-CAD8-4228-AC7C-D7BDDAE5CF33}.Debug|Any CPU.ActiveCfg = Debug|Any CPU
		{98160F46-CAD8-4228-AC7C-D7BDDAE5CF33}.Debug|Any CPU.Build.0 = Debug|Any CPU
		{98160F46-CAD8-4228-AC7C-D7BDDAE5CF33}.Release|Any CPU.ActiveCfg = Release|Any CPU
		{98160F46-CAD8-4228-AC7C-D7BDDAE5CF33}.Release|Any CPU.Build.0 = Release|Any CPU
		{BB9F2057-0ABC-423D-83F6-9922EF2ED3B5}.Debug|Any CPU.ActiveCfg = Debug|Any CPU
		{BB9F2057-0ABC-423D-83F6-9922EF2ED3B5}.Debug|Any CPU.Build.0 = Debug|Any CPU
		{BB9F2057-0ABC-423D-83F6-9922EF2ED3B5}.Release|Any CPU.ActiveCfg = Release|Any CPU
		{BB9F2057-0ABC-423D-83F6-9922EF2ED3B5}.Release|Any CPU.Build.0 = Release|Any CPU
		{C77DB95D-D1C8-4F8E-871E-FEBA44B5C5E9}.Debug|Any CPU.ActiveCfg = Debug|Any CPU
		{C77DB95D-D1C8-4F8E-871E-FEBA44B5C5E9}.Debug|Any CPU.Build.0 = Debug|Any CPU
		{C77DB95D-D1C8-4F8E-871E-FEBA44B5C5E9}.Release|Any CPU.ActiveCfg = Release|Any CPU
		{C77DB95D-D1C8-4F8E-871E-FEBA44B5C5E9}.Release|Any CPU.Build.0 = Release|Any CPU
		{10D5D695-163D-4924-8F35-B33612501BDD}.Debug|Any CPU.ActiveCfg = Debug|Any CPU
		{10D5D695-163D-4924-8F35-B33612501BDD}.Debug|Any CPU.Build.0 = Debug|Any CPU
		{10D5D695-163D-4924-8F35-B33612501BDD}.Release|Any CPU.ActiveCfg = Release|Any CPU
		{10D5D695-163D-4924-8F35-B33612501BDD}.Release|Any CPU.Build.0 = Release|Any CPU
	EndGlobalSection
	GlobalSection(SolutionProperties) = preSolution
		HideSolutionNode = FALSE
	EndGlobalSection
	GlobalSection(ExtensibilityGlobals) = postSolution
		SolutionGuid = {61F7FB11-1E47-470C-91E2-47F8143E1572}
	EndGlobalSection
EndGlobal
